
Microsoft Visual Studio Solution File, Format Version 12.00
# Visual Studio Version 16
VisualStudioVersion = 16.0.30413.136
MinimumVisualStudioVersion = 10.0.40219.1
Project("{FAE04EC0-301F-11D3-BF4B-00C04F79EFBC}") = "Practica2doParcial", "Practica2doParcial\Practica2doParcial.csproj", "{2A861458-D7B8-43E9-9843-391116940C19}"
EndProject
Project("{FAE04EC0-301F-11D3-BF4B-00C04F79EFBC}") = "Procesador", "Procesador\Procesador.csproj", "{670DB045-E42A-4D40-A66B-08E18A02ED40}"
EndProject
Project("{FAE04EC0-301F-11D3-BF4B-00C04F79EFBC}") = "Vehiculos", "Vehiculos\Vehiculos.csproj", "{9ECE6B2C-D185-4205-A3DD-758DCC944B9F}"
EndProject
Global
	GlobalSection(SolutionConfigurationPlatforms) = preSolution
		Debug|Any CPU = Debug|Any CPU
		Release|Any CPU = Release|Any CPU
	EndGlobalSection
	GlobalSection(ProjectConfigurationPlatforms) = postSolution
		{2A861458-D7B8-43E9-9843-391116940C19}.Debug|Any CPU.ActiveCfg = Debug|Any CPU
		{2A861458-D7B8-43E9-9843-391116940C19}.Debug|Any CPU.Build.0 = Debug|Any CPU
		{2A861458-D7B8-43E9-9843-391116940C19}.Release|Any CPU.ActiveCfg = Release|Any CPU
		{2A861458-D7B8-43E9-9843-391116940C19}.Release|Any CPU.Build.0 = Release|Any CPU
		{670DB045-E42A-4D40-A66B-08E18A02ED40}.Debug|Any CPU.ActiveCfg = Debug|Any CPU
		{670DB045-E42A-4D40-A66B-08E18A02ED40}.Debug|Any CPU.Build.0 = Debug|Any CPU
		{670DB045-E42A-4D40-A66B-08E18A02ED40}.Release|Any CPU.ActiveCfg = Release|Any CPU
		{670DB045-E42A-4D40-A66B-08E18A02ED40}.Release|Any CPU.Build.0 = Release|Any CPU
		{9ECE6B2C-D185-4205-A3DD-758DCC944B9F}.Debug|Any CPU.ActiveCfg = Debug|Any CPU
		{9ECE6B2C-D185-4205-A3DD-758DCC944B9F}.Debug|Any CPU.Build.0 = Debug|Any CPU
		{9ECE6B2C-D185-4205-A3DD-758DCC944B9F}.Release|Any CPU.ActiveCfg = Release|Any CPU
		{9ECE6B2C-D185-4205-A3DD-758DCC944B9F}.Release|Any CPU.Build.0 = Release|Any CPU
	EndGlobalSection
	GlobalSection(SolutionProperties) = preSolution
		HideSolutionNode = FALSE
	EndGlobalSection
	GlobalSection(ExtensibilityGlobals) = postSolution
		SolutionGuid = {2E93529E-A36F-48C3-9C57-C7D7732A162C}
	EndGlobalSection
EndGlobal
