
Microsoft Visual Studio Solution File, Format Version 12.00
# Visual Studio Version 16
VisualStudioVersion = 16.0.29409.12
MinimumVisualStudioVersion = 10.0.40219.1
Project("{FAE04EC0-301F-11D3-BF4B-00C04F79EFBC}") = "Vista", "Practica_LUGEjercicio2doParcial\Vista.csproj", "{ECA29091-50AF-47DD-B8B6-DD1488E488D2}"
EndProject
Project("{FAE04EC0-301F-11D3-BF4B-00C04F79EFBC}") = "BLL", "BLL\BLL.csproj", "{B11BCAC4-7E6E-4486-95DD-5A942C8B4A69}"
EndProject
Project("{FAE04EC0-301F-11D3-BF4B-00C04F79EFBC}") = "DAL+ORM", "DAL+ORM\DAL+ORM.csproj", "{C34FFF57-7DD4-4C33-AF68-7D1CFD408AF9}"
EndProject
Global
	GlobalSection(SolutionConfigurationPlatforms) = preSolution
		Debug|Any CPU = Debug|Any CPU
		Release|Any CPU = Release|Any CPU
	EndGlobalSection
	GlobalSection(ProjectConfigurationPlatforms) = postSolution
		{ECA29091-50AF-47DD-B8B6-DD1488E488D2}.Debug|Any CPU.ActiveCfg = Debug|Any CPU
		{ECA29091-50AF-47DD-B8B6-DD1488E488D2}.Debug|Any CPU.Build.0 = Debug|Any CPU
		{ECA29091-50AF-47DD-B8B6-DD1488E488D2}.Release|Any CPU.ActiveCfg = Release|Any CPU
		{ECA29091-50AF-47DD-B8B6-DD1488E488D2}.Release|Any CPU.Build.0 = Release|Any CPU
		{B11BCAC4-7E6E-4486-95DD-5A942C8B4A69}.Debug|Any CPU.ActiveCfg = Debug|Any CPU
		{B11BCAC4-7E6E-4486-95DD-5A942C8B4A69}.Debug|Any CPU.Build.0 = Debug|Any CPU
		{B11BCAC4-7E6E-4486-95DD-5A942C8B4A69}.Release|Any CPU.ActiveCfg = Release|Any CPU
		{B11BCAC4-7E6E-4486-95DD-5A942C8B4A69}.Release|Any CPU.Build.0 = Release|Any CPU
		{C34FFF57-7DD4-4C33-AF68-7D1CFD408AF9}.Debug|Any CPU.ActiveCfg = Debug|Any CPU
		{C34FFF57-7DD4-4C33-AF68-7D1CFD408AF9}.Debug|Any CPU.Build.0 = Debug|Any CPU
		{C34FFF57-7DD4-4C33-AF68-7D1CFD408AF9}.Release|Any CPU.ActiveCfg = Release|Any CPU
		{C34FFF57-7DD4-4C33-AF68-7D1CFD408AF9}.Release|Any CPU.Build.0 = Release|Any CPU
	EndGlobalSection
	GlobalSection(SolutionProperties) = preSolution
		HideSolutionNode = FALSE
	EndGlobalSection
	GlobalSection(ExtensibilityGlobals) = postSolution
		SolutionGuid = {AADE2FFB-0A84-4FE4-B86A-C101AF42AEAE}
	EndGlobalSection
EndGlobal
