
Microsoft Visual Studio Solution File, Format Version 12.00
# Visual Studio 15
VisualStudioVersion = 15.0.28307.572
MinimumVisualStudioVersion = 10.0.40219.1
Project("{FAE04EC0-301F-11D3-BF4B-00C04F79EFBC}") = "U2-Ej3", "U2-Ej3\U2-Ej3.csproj", "{C46EB7C4-6BF2-4117-BE99-302B9212D509}"
EndProject
Global
	GlobalSection(SolutionConfigurationPlatforms) = preSolution
		Debug|Any CPU = Debug|Any CPU
		Release|Any CPU = Release|Any CPU
	EndGlobalSection
	GlobalSection(ProjectConfigurationPlatforms) = postSolution
		{C46EB7C4-6BF2-4117-BE99-302B9212D509}.Debug|Any CPU.ActiveCfg = Debug|Any CPU
		{C46EB7C4-6BF2-4117-BE99-302B9212D509}.Debug|Any CPU.Build.0 = Debug|Any CPU
		{C46EB7C4-6BF2-4117-BE99-302B9212D509}.Release|Any CPU.ActiveCfg = Release|Any CPU
		{C46EB7C4-6BF2-4117-BE99-302B9212D509}.Release|Any CPU.Build.0 = Release|Any CPU
	EndGlobalSection
	GlobalSection(SolutionProperties) = preSolution
		HideSolutionNode = FALSE
	EndGlobalSection
	GlobalSection(ExtensibilityGlobals) = postSolution
		SolutionGuid = {521923D7-3C9F-44E8-BE40-3FD44AF0B595}
	EndGlobalSection
EndGlobal
