
Microsoft Visual Studio Solution File, Format Version 12.00
# Visual Studio 15
VisualStudioVersion = 15.0.28307.572
MinimumVisualStudioVersion = 10.0.40219.1
Project("{FAE04EC0-301F-11D3-BF4B-00C04F79EFBC}") = "ADOConectado3", "ADOConectado3\ADOConectado3.csproj", "{A1E4365B-5F11-4D3B-8902-8AEAA134347E}"
EndProject
Global
	GlobalSection(SolutionConfigurationPlatforms) = preSolution
		Debug|Any CPU = Debug|Any CPU
		Release|Any CPU = Release|Any CPU
	EndGlobalSection
	GlobalSection(ProjectConfigurationPlatforms) = postSolution
		{A1E4365B-5F11-4D3B-8902-8AEAA134347E}.Debug|Any CPU.ActiveCfg = Debug|Any CPU
		{A1E4365B-5F11-4D3B-8902-8AEAA134347E}.Debug|Any CPU.Build.0 = Debug|Any CPU
		{A1E4365B-5F11-4D3B-8902-8AEAA134347E}.Release|Any CPU.ActiveCfg = Release|Any CPU
		{A1E4365B-5F11-4D3B-8902-8AEAA134347E}.Release|Any CPU.Build.0 = Release|Any CPU
	EndGlobalSection
	GlobalSection(SolutionProperties) = preSolution
		HideSolutionNode = FALSE
	EndGlobalSection
	GlobalSection(ExtensibilityGlobals) = postSolution
		SolutionGuid = {8BAC2E61-506A-4319-95C5-7D03569A9265}
	EndGlobalSection
EndGlobal
