
Microsoft Visual Studio Solution File, Format Version 12.00
# Visual Studio Version 16
VisualStudioVersion = 16.0.28803.202
MinimumVisualStudioVersion = 10.0.40219.1
Project("{FAE04EC0-301F-11D3-BF4B-00C04F79EFBC}") = "U3-Ej11", "U3-Ej11\U3-Ej11.csproj", "{F288953D-4625-4349-B097-DE3AE3702079}"
EndProject
Global
	GlobalSection(SolutionConfigurationPlatforms) = preSolution
		Debug|Any CPU = Debug|Any CPU
		Release|Any CPU = Release|Any CPU
	EndGlobalSection
	GlobalSection(ProjectConfigurationPlatforms) = postSolution
		{F288953D-4625-4349-B097-DE3AE3702079}.Debug|Any CPU.ActiveCfg = Debug|Any CPU
		{F288953D-4625-4349-B097-DE3AE3702079}.Debug|Any CPU.Build.0 = Debug|Any CPU
		{F288953D-4625-4349-B097-DE3AE3702079}.Release|Any CPU.ActiveCfg = Release|Any CPU
		{F288953D-4625-4349-B097-DE3AE3702079}.Release|Any CPU.Build.0 = Release|Any CPU
	EndGlobalSection
	GlobalSection(SolutionProperties) = preSolution
		HideSolutionNode = FALSE
	EndGlobalSection
	GlobalSection(ExtensibilityGlobals) = postSolution
		SolutionGuid = {D30192D7-80EA-4FCA-AD2F-629D0A013C6E}
	EndGlobalSection
EndGlobal
