
Microsoft Visual Studio Solution File, Format Version 12.00
# Visual Studio 15
VisualStudioVersion = 15.0.28307.572
MinimumVisualStudioVersion = 10.0.40219.1
Project("{FAE04EC0-301F-11D3-BF4B-00C04F79EFBC}") = "U1-Ej1", "U1-Ej1\U1-Ej1.csproj", "{681711B6-70C9-4A2B-B306-D7D61AA6C6D5}"
EndProject
Global
	GlobalSection(SolutionConfigurationPlatforms) = preSolution
		Debug|Any CPU = Debug|Any CPU
		Release|Any CPU = Release|Any CPU
	EndGlobalSection
	GlobalSection(ProjectConfigurationPlatforms) = postSolution
		{681711B6-70C9-4A2B-B306-D7D61AA6C6D5}.Debug|Any CPU.ActiveCfg = Debug|Any CPU
		{681711B6-70C9-4A2B-B306-D7D61AA6C6D5}.Debug|Any CPU.Build.0 = Debug|Any CPU
		{681711B6-70C9-4A2B-B306-D7D61AA6C6D5}.Release|Any CPU.ActiveCfg = Release|Any CPU
		{681711B6-70C9-4A2B-B306-D7D61AA6C6D5}.Release|Any CPU.Build.0 = Release|Any CPU
	EndGlobalSection
	GlobalSection(SolutionProperties) = preSolution
		HideSolutionNode = FALSE
	EndGlobalSection
	GlobalSection(ExtensibilityGlobals) = postSolution
		SolutionGuid = {28359A02-321B-4E5E-B0D0-715A189EC888}
	EndGlobalSection
EndGlobal
