
Microsoft Visual Studio Solution File, Format Version 12.00
# Visual Studio 15
VisualStudioVersion = 15.0.28010.0
MinimumVisualStudioVersion = 10.0.40219.1
Project("{FAE04EC0-301F-11D3-BF4B-00C04F79EFBC}") = "ejercicio19", "ejercicio19\ejercicio19.csproj", "{0CC7D3AA-B37A-403F-92C5-375D48097747}"
EndProject
Global
	GlobalSection(SolutionConfigurationPlatforms) = preSolution
		Debug|Any CPU = Debug|Any CPU
		Release|Any CPU = Release|Any CPU
	EndGlobalSection
	GlobalSection(ProjectConfigurationPlatforms) = postSolution
		{0CC7D3AA-B37A-403F-92C5-375D48097747}.Debug|Any CPU.ActiveCfg = Debug|Any CPU
		{0CC7D3AA-B37A-403F-92C5-375D48097747}.Debug|Any CPU.Build.0 = Debug|Any CPU
		{0CC7D3AA-B37A-403F-92C5-375D48097747}.Release|Any CPU.ActiveCfg = Release|Any CPU
		{0CC7D3AA-B37A-403F-92C5-375D48097747}.Release|Any CPU.Build.0 = Release|Any CPU
	EndGlobalSection
	GlobalSection(SolutionProperties) = preSolution
		HideSolutionNode = FALSE
	EndGlobalSection
	GlobalSection(ExtensibilityGlobals) = postSolution
		SolutionGuid = {674A6711-AD46-4840-9F4C-ED30B7DDAE80}
	EndGlobalSection
EndGlobal
