
Microsoft Visual Studio Solution File, Format Version 12.00
# Visual Studio 15
VisualStudioVersion = 15.0.28010.0
MinimumVisualStudioVersion = 10.0.40219.1
Project("{FAE04EC0-301F-11D3-BF4B-00C04F79EFBC}") = "ejercicio17", "ejercicio17\ejercicio17.csproj", "{76592010-BDF7-4996-AC26-7C786B20921A}"
EndProject
Global
	GlobalSection(SolutionConfigurationPlatforms) = preSolution
		Debug|Any CPU = Debug|Any CPU
		Release|Any CPU = Release|Any CPU
	EndGlobalSection
	GlobalSection(ProjectConfigurationPlatforms) = postSolution
		{76592010-BDF7-4996-AC26-7C786B20921A}.Debug|Any CPU.ActiveCfg = Debug|Any CPU
		{76592010-BDF7-4996-AC26-7C786B20921A}.Debug|Any CPU.Build.0 = Debug|Any CPU
		{76592010-BDF7-4996-AC26-7C786B20921A}.Release|Any CPU.ActiveCfg = Release|Any CPU
		{76592010-BDF7-4996-AC26-7C786B20921A}.Release|Any CPU.Build.0 = Release|Any CPU
	EndGlobalSection
	GlobalSection(SolutionProperties) = preSolution
		HideSolutionNode = FALSE
	EndGlobalSection
	GlobalSection(ExtensibilityGlobals) = postSolution
		SolutionGuid = {A2274960-DAB4-4549-A438-FA0CC50BD6C8}
	EndGlobalSection
EndGlobal
