
Microsoft Visual Studio Solution File, Format Version 12.00
# Visual Studio Version 16
VisualStudioVersion = 16.0.29409.12
MinimumVisualStudioVersion = 10.0.40219.1
Project("{FAE04EC0-301F-11D3-BF4B-00C04F79EFBC}") = "Vista_LUG2dPPractica2", "Vista_LUG2dPPractica2\Vista_LUG2dPPractica2.csproj", "{0C3F4909-26A5-4907-B2A4-63199182872B}"
EndProject
Project("{FAE04EC0-301F-11D3-BF4B-00C04F79EFBC}") = "BLL", "BLL\BLL.csproj", "{DEF4C6AD-0375-4A6A-B3DD-6EB9A30AA6DF}"
EndProject
Project("{FAE04EC0-301F-11D3-BF4B-00C04F79EFBC}") = "DAL + ORM", "DAL + ORM\DAL + ORM.csproj", "{C7502278-1C8B-4AB9-985D-19FF1C15B7F6}"
EndProject
Global
	GlobalSection(SolutionConfigurationPlatforms) = preSolution
		Debug|Any CPU = Debug|Any CPU
		Debug|ARM = Debug|ARM
		Debug|ARM64 = Debug|ARM64
		Debug|x64 = Debug|x64
		Debug|x86 = Debug|x86
		Release|Any CPU = Release|Any CPU
		Release|ARM = Release|ARM
		Release|ARM64 = Release|ARM64
		Release|x64 = Release|x64
		Release|x86 = Release|x86
	EndGlobalSection
	GlobalSection(ProjectConfigurationPlatforms) = postSolution
		{0C3F4909-26A5-4907-B2A4-63199182872B}.Debug|Any CPU.ActiveCfg = Debug|Any CPU
		{0C3F4909-26A5-4907-B2A4-63199182872B}.Debug|Any CPU.Build.0 = Debug|Any CPU
		{0C3F4909-26A5-4907-B2A4-63199182872B}.Debug|ARM.ActiveCfg = Debug|Any CPU
		{0C3F4909-26A5-4907-B2A4-63199182872B}.Debug|ARM.Build.0 = Debug|Any CPU
		{0C3F4909-26A5-4907-B2A4-63199182872B}.Debug|ARM64.ActiveCfg = Debug|Any CPU
		{0C3F4909-26A5-4907-B2A4-63199182872B}.Debug|ARM64.Build.0 = Debug|Any CPU
		{0C3F4909-26A5-4907-B2A4-63199182872B}.Debug|x64.ActiveCfg = Debug|Any CPU
		{0C3F4909-26A5-4907-B2A4-63199182872B}.Debug|x64.Build.0 = Debug|Any CPU
		{0C3F4909-26A5-4907-B2A4-63199182872B}.Debug|x86.ActiveCfg = Debug|Any CPU
		{0C3F4909-26A5-4907-B2A4-63199182872B}.Debug|x86.Build.0 = Debug|Any CPU
		{0C3F4909-26A5-4907-B2A4-63199182872B}.Release|Any CPU.ActiveCfg = Release|Any CPU
		{0C3F4909-26A5-4907-B2A4-63199182872B}.Release|Any CPU.Build.0 = Release|Any CPU
		{0C3F4909-26A5-4907-B2A4-63199182872B}.Release|ARM.ActiveCfg = Release|Any CPU
		{0C3F4909-26A5-4907-B2A4-63199182872B}.Release|ARM.Build.0 = Release|Any CPU
		{0C3F4909-26A5-4907-B2A4-63199182872B}.Release|ARM64.ActiveCfg = Release|Any CPU
		{0C3F4909-26A5-4907-B2A4-63199182872B}.Release|ARM64.Build.0 = Release|Any CPU
		{0C3F4909-26A5-4907-B2A4-63199182872B}.Release|x64.ActiveCfg = Release|Any CPU
		{0C3F4909-26A5-4907-B2A4-63199182872B}.Release|x64.Build.0 = Release|Any CPU
		{0C3F4909-26A5-4907-B2A4-63199182872B}.Release|x86.ActiveCfg = Release|Any CPU
		{0C3F4909-26A5-4907-B2A4-63199182872B}.Release|x86.Build.0 = Release|Any CPU
		{DEF4C6AD-0375-4A6A-B3DD-6EB9A30AA6DF}.Debug|Any CPU.ActiveCfg = Debug|Any CPU
		{DEF4C6AD-0375-4A6A-B3DD-6EB9A30AA6DF}.Debug|Any CPU.Build.0 = Debug|Any CPU
		{DEF4C6AD-0375-4A6A-B3DD-6EB9A30AA6DF}.Debug|ARM.ActiveCfg = Debug|Any CPU
		{DEF4C6AD-0375-4A6A-B3DD-6EB9A30AA6DF}.Debug|ARM.Build.0 = Debug|Any CPU
		{DEF4C6AD-0375-4A6A-B3DD-6EB9A30AA6DF}.Debug|ARM64.ActiveCfg = Debug|Any CPU
		{DEF4C6AD-0375-4A6A-B3DD-6EB9A30AA6DF}.Debug|ARM64.Build.0 = Debug|Any CPU
		{DEF4C6AD-0375-4A6A-B3DD-6EB9A30AA6DF}.Debug|x64.ActiveCfg = Debug|Any CPU
		{DEF4C6AD-0375-4A6A-B3DD-6EB9A30AA6DF}.Debug|x64.Build.0 = Debug|Any CPU
		{DEF4C6AD-0375-4A6A-B3DD-6EB9A30AA6DF}.Debug|x86.ActiveCfg = Debug|Any CPU
		{DEF4C6AD-0375-4A6A-B3DD-6EB9A30AA6DF}.Debug|x86.Build.0 = Debug|Any CPU
		{DEF4C6AD-0375-4A6A-B3DD-6EB9A30AA6DF}.Release|Any CPU.ActiveCfg = Release|Any CPU
		{DEF4C6AD-0375-4A6A-B3DD-6EB9A30AA6DF}.Release|Any CPU.Build.0 = Release|Any CPU
		{DEF4C6AD-0375-4A6A-B3DD-6EB9A30AA6DF}.Release|ARM.ActiveCfg = Release|Any CPU
		{DEF4C6AD-0375-4A6A-B3DD-6EB9A30AA6DF}.Release|ARM.Build.0 = Release|Any CPU
		{DEF4C6AD-0375-4A6A-B3DD-6EB9A30AA6DF}.Release|ARM64.ActiveCfg = Release|Any CPU
		{DEF4C6AD-0375-4A6A-B3DD-6EB9A30AA6DF}.Release|ARM64.Build.0 = Release|Any CPU
		{DEF4C6AD-0375-4A6A-B3DD-6EB9A30AA6DF}.Release|x64.ActiveCfg = Release|Any CPU
		{DEF4C6AD-0375-4A6A-B3DD-6EB9A30AA6DF}.Release|x64.Build.0 = Release|Any CPU
		{DEF4C6AD-0375-4A6A-B3DD-6EB9A30AA6DF}.Release|x86.ActiveCfg = Release|Any CPU
		{DEF4C6AD-0375-4A6A-B3DD-6EB9A30AA6DF}.Release|x86.Build.0 = Release|Any CPU
		{C7502278-1C8B-4AB9-985D-19FF1C15B7F6}.Debug|Any CPU.ActiveCfg = Debug|Any CPU
		{C7502278-1C8B-4AB9-985D-19FF1C15B7F6}.Debug|Any CPU.Build.0 = Debug|Any CPU
		{C7502278-1C8B-4AB9-985D-19FF1C15B7F6}.Debug|ARM.ActiveCfg = Debug|Any CPU
		{C7502278-1C8B-4AB9-985D-19FF1C15B7F6}.Debug|ARM.Build.0 = Debug|Any CPU
		{C7502278-1C8B-4AB9-985D-19FF1C15B7F6}.Debug|ARM64.ActiveCfg = Debug|Any CPU
		{C7502278-1C8B-4AB9-985D-19FF1C15B7F6}.Debug|ARM64.Build.0 = Debug|Any CPU
		{C7502278-1C8B-4AB9-985D-19FF1C15B7F6}.Debug|x64.ActiveCfg = Debug|Any CPU
		{C7502278-1C8B-4AB9-985D-19FF1C15B7F6}.Debug|x64.Build.0 = Debug|Any CPU
		{C7502278-1C8B-4AB9-985D-19FF1C15B7F6}.Debug|x86.ActiveCfg = Debug|Any CPU
		{C7502278-1C8B-4AB9-985D-19FF1C15B7F6}.Debug|x86.Build.0 = Debug|Any CPU
		{C7502278-1C8B-4AB9-985D-19FF1C15B7F6}.Release|Any CPU.ActiveCfg = Release|Any CPU
		{C7502278-1C8B-4AB9-985D-19FF1C15B7F6}.Release|Any CPU.Build.0 = Release|Any CPU
		{C7502278-1C8B-4AB9-985D-19FF1C15B7F6}.Release|ARM.ActiveCfg = Release|Any CPU
		{C7502278-1C8B-4AB9-985D-19FF1C15B7F6}.Release|ARM.Build.0 = Release|Any CPU
		{C7502278-1C8B-4AB9-985D-19FF1C15B7F6}.Release|ARM64.ActiveCfg = Release|Any CPU
		{C7502278-1C8B-4AB9-985D-19FF1C15B7F6}.Release|ARM64.Build.0 = Release|Any CPU
		{C7502278-1C8B-4AB9-985D-19FF1C15B7F6}.Release|x64.ActiveCfg = Release|Any CPU
		{C7502278-1C8B-4AB9-985D-19FF1C15B7F6}.Release|x64.Build.0 = Release|Any CPU
		{C7502278-1C8B-4AB9-985D-19FF1C15B7F6}.Release|x86.ActiveCfg = Release|Any CPU
		{C7502278-1C8B-4AB9-985D-19FF1C15B7F6}.Release|x86.Build.0 = Release|Any CPU
	EndGlobalSection
	GlobalSection(SolutionProperties) = preSolution
		HideSolutionNode = FALSE
	EndGlobalSection
	GlobalSection(ExtensibilityGlobals) = postSolution
		SolutionGuid = {5ADBB714-8378-44E1-B7F7-A8778B67B993}
	EndGlobalSection
EndGlobal
