
Microsoft Visual Studio Solution File, Format Version 12.00
# Visual Studio 15
VisualStudioVersion = 15.0.28010.0
MinimumVisualStudioVersion = 10.0.40219.1
Project("{FAE04EC0-301F-11D3-BF4B-00C04F79EFBC}") = "ejer1", "ejer1\ejer1.csproj", "{990F4849-750F-4AF5-A25C-1282FA07B885}"
EndProject
Global
	GlobalSection(SolutionConfigurationPlatforms) = preSolution
		Debug|Any CPU = Debug|Any CPU
		Release|Any CPU = Release|Any CPU
	EndGlobalSection
	GlobalSection(ProjectConfigurationPlatforms) = postSolution
		{990F4849-750F-4AF5-A25C-1282FA07B885}.Debug|Any CPU.ActiveCfg = Debug|Any CPU
		{990F4849-750F-4AF5-A25C-1282FA07B885}.Debug|Any CPU.Build.0 = Debug|Any CPU
		{990F4849-750F-4AF5-A25C-1282FA07B885}.Release|Any CPU.ActiveCfg = Release|Any CPU
		{990F4849-750F-4AF5-A25C-1282FA07B885}.Release|Any CPU.Build.0 = Release|Any CPU
	EndGlobalSection
	GlobalSection(SolutionProperties) = preSolution
		HideSolutionNode = FALSE
	EndGlobalSection
	GlobalSection(ExtensibilityGlobals) = postSolution
		SolutionGuid = {29CBFB69-A73E-4D6C-B599-E9447F874BFE}
	EndGlobalSection
EndGlobal
