
Microsoft Visual Studio Solution File, Format Version 12.00
# Visual Studio Version 16
VisualStudioVersion = 16.0.28803.202
MinimumVisualStudioVersion = 10.0.40219.1
Project("{FAE04EC0-301F-11D3-BF4B-00C04F79EFBC}") = "U5-Ej3", "U5-Ej3\U5-Ej3.csproj", "{77B1845D-775F-4EF7-AE8F-A8ED9AB183F5}"
EndProject
Global
	GlobalSection(SolutionConfigurationPlatforms) = preSolution
		Debug|Any CPU = Debug|Any CPU
		Release|Any CPU = Release|Any CPU
	EndGlobalSection
	GlobalSection(ProjectConfigurationPlatforms) = postSolution
		{77B1845D-775F-4EF7-AE8F-A8ED9AB183F5}.Debug|Any CPU.ActiveCfg = Debug|Any CPU
		{77B1845D-775F-4EF7-AE8F-A8ED9AB183F5}.Debug|Any CPU.Build.0 = Debug|Any CPU
		{77B1845D-775F-4EF7-AE8F-A8ED9AB183F5}.Release|Any CPU.ActiveCfg = Release|Any CPU
		{77B1845D-775F-4EF7-AE8F-A8ED9AB183F5}.Release|Any CPU.Build.0 = Release|Any CPU
	EndGlobalSection
	GlobalSection(SolutionProperties) = preSolution
		HideSolutionNode = FALSE
	EndGlobalSection
	GlobalSection(ExtensibilityGlobals) = postSolution
		SolutionGuid = {272D27AC-630D-47D5-9EE7-1AE16E3747FC}
	EndGlobalSection
EndGlobal
