
Microsoft Visual Studio Solution File, Format Version 12.00
# Visual Studio 15
VisualStudioVersion = 15.0.28307.572
MinimumVisualStudioVersion = 10.0.40219.1
Project("{FAE04EC0-301F-11D3-BF4B-00C04F79EFBC}") = "U3-Ej8", "U3-Ej8\U3-Ej8.csproj", "{FBE09363-FE4F-4ED8-AA3F-3E016769277B}"
EndProject
Global
	GlobalSection(SolutionConfigurationPlatforms) = preSolution
		Debug|Any CPU = Debug|Any CPU
		Release|Any CPU = Release|Any CPU
	EndGlobalSection
	GlobalSection(ProjectConfigurationPlatforms) = postSolution
		{FBE09363-FE4F-4ED8-AA3F-3E016769277B}.Debug|Any CPU.ActiveCfg = Debug|Any CPU
		{FBE09363-FE4F-4ED8-AA3F-3E016769277B}.Debug|Any CPU.Build.0 = Debug|Any CPU
		{FBE09363-FE4F-4ED8-AA3F-3E016769277B}.Release|Any CPU.ActiveCfg = Release|Any CPU
		{FBE09363-FE4F-4ED8-AA3F-3E016769277B}.Release|Any CPU.Build.0 = Release|Any CPU
	EndGlobalSection
	GlobalSection(SolutionProperties) = preSolution
		HideSolutionNode = FALSE
	EndGlobalSection
	GlobalSection(ExtensibilityGlobals) = postSolution
		SolutionGuid = {85466DDA-C469-461C-956F-4041CDC1F94B}
	EndGlobalSection
EndGlobal
