
Microsoft Visual Studio Solution File, Format Version 12.00
# Visual Studio 15
VisualStudioVersion = 15.0.28010.2041
MinimumVisualStudioVersion = 10.0.40219.1
Project("{FAE04EC0-301F-11D3-BF4B-00C04F79EFBC}") = "ejer12", "ejer12\ejer12.csproj", "{58427276-662E-43C5-AA5B-A7E1B5BCE488}"
EndProject
Global
	GlobalSection(SolutionConfigurationPlatforms) = preSolution
		Debug|Any CPU = Debug|Any CPU
		Release|Any CPU = Release|Any CPU
	EndGlobalSection
	GlobalSection(ProjectConfigurationPlatforms) = postSolution
		{58427276-662E-43C5-AA5B-A7E1B5BCE488}.Debug|Any CPU.ActiveCfg = Debug|Any CPU
		{58427276-662E-43C5-AA5B-A7E1B5BCE488}.Debug|Any CPU.Build.0 = Debug|Any CPU
		{58427276-662E-43C5-AA5B-A7E1B5BCE488}.Release|Any CPU.ActiveCfg = Release|Any CPU
		{58427276-662E-43C5-AA5B-A7E1B5BCE488}.Release|Any CPU.Build.0 = Release|Any CPU
	EndGlobalSection
	GlobalSection(SolutionProperties) = preSolution
		HideSolutionNode = FALSE
	EndGlobalSection
	GlobalSection(ExtensibilityGlobals) = postSolution
		SolutionGuid = {06666113-D4EB-4F7A-AEDC-48AC7520DF1C}
	EndGlobalSection
EndGlobal
