
Microsoft Visual Studio Solution File, Format Version 12.00
# Visual Studio Version 16
VisualStudioVersion = 16.0.29409.12
MinimumVisualStudioVersion = 10.0.40219.1
Project("{FAE04EC0-301F-11D3-BF4B-00C04F79EFBC}") = "1Vista", "Practica3_LUGEjercicio2doParcial\1Vista.csproj", "{EBA8CFDA-1A2A-4B52-BDE6-4513E63B307D}"
EndProject
Project("{FAE04EC0-301F-11D3-BF4B-00C04F79EFBC}") = "2BLL", "2BLL\2BLL.csproj", "{DF3293EF-5742-42FA-A24A-C20D2215E4DE}"
EndProject
Project("{FAE04EC0-301F-11D3-BF4B-00C04F79EFBC}") = "3DAL+ORM", "3DAL+ORM\3DAL+ORM.csproj", "{EBED5505-194B-4490-8585-ACCAFC949474}"
EndProject
Global
	GlobalSection(SolutionConfigurationPlatforms) = preSolution
		Debug|Any CPU = Debug|Any CPU
		Release|Any CPU = Release|Any CPU
	EndGlobalSection
	GlobalSection(ProjectConfigurationPlatforms) = postSolution
		{EBA8CFDA-1A2A-4B52-BDE6-4513E63B307D}.Debug|Any CPU.ActiveCfg = Debug|Any CPU
		{EBA8CFDA-1A2A-4B52-BDE6-4513E63B307D}.Debug|Any CPU.Build.0 = Debug|Any CPU
		{EBA8CFDA-1A2A-4B52-BDE6-4513E63B307D}.Release|Any CPU.ActiveCfg = Release|Any CPU
		{EBA8CFDA-1A2A-4B52-BDE6-4513E63B307D}.Release|Any CPU.Build.0 = Release|Any CPU
		{DF3293EF-5742-42FA-A24A-C20D2215E4DE}.Debug|Any CPU.ActiveCfg = Debug|Any CPU
		{DF3293EF-5742-42FA-A24A-C20D2215E4DE}.Debug|Any CPU.Build.0 = Debug|Any CPU
		{DF3293EF-5742-42FA-A24A-C20D2215E4DE}.Release|Any CPU.ActiveCfg = Release|Any CPU
		{DF3293EF-5742-42FA-A24A-C20D2215E4DE}.Release|Any CPU.Build.0 = Release|Any CPU
		{EBED5505-194B-4490-8585-ACCAFC949474}.Debug|Any CPU.ActiveCfg = Debug|Any CPU
		{EBED5505-194B-4490-8585-ACCAFC949474}.Debug|Any CPU.Build.0 = Debug|Any CPU
		{EBED5505-194B-4490-8585-ACCAFC949474}.Release|Any CPU.ActiveCfg = Release|Any CPU
		{EBED5505-194B-4490-8585-ACCAFC949474}.Release|Any CPU.Build.0 = Release|Any CPU
	EndGlobalSection
	GlobalSection(SolutionProperties) = preSolution
		HideSolutionNode = FALSE
	EndGlobalSection
	GlobalSection(ExtensibilityGlobals) = postSolution
		SolutionGuid = {BC59F1A9-CE8E-4BCB-921A-59C8F0EDE41A}
	EndGlobalSection
EndGlobal
