
Microsoft Visual Studio Solution File, Format Version 12.00
# Visual Studio 15
VisualStudioVersion = 15.0.28307.572
MinimumVisualStudioVersion = 10.0.40219.1
Project("{FAE04EC0-301F-11D3-BF4B-00C04F79EFBC}") = "U4-Ej14", "U4-Ej14\U4-Ej14.csproj", "{C13F8DEC-F768-4BA8-B86E-8A14D0B8DAD1}"
EndProject
Global
	GlobalSection(SolutionConfigurationPlatforms) = preSolution
		Debug|Any CPU = Debug|Any CPU
		Release|Any CPU = Release|Any CPU
	EndGlobalSection
	GlobalSection(ProjectConfigurationPlatforms) = postSolution
		{C13F8DEC-F768-4BA8-B86E-8A14D0B8DAD1}.Debug|Any CPU.ActiveCfg = Debug|Any CPU
		{C13F8DEC-F768-4BA8-B86E-8A14D0B8DAD1}.Debug|Any CPU.Build.0 = Debug|Any CPU
		{C13F8DEC-F768-4BA8-B86E-8A14D0B8DAD1}.Release|Any CPU.ActiveCfg = Release|Any CPU
		{C13F8DEC-F768-4BA8-B86E-8A14D0B8DAD1}.Release|Any CPU.Build.0 = Release|Any CPU
	EndGlobalSection
	GlobalSection(SolutionProperties) = preSolution
		HideSolutionNode = FALSE
	EndGlobalSection
	GlobalSection(ExtensibilityGlobals) = postSolution
		SolutionGuid = {78AC71B9-4097-4AA8-B49B-465C4C81D8FA}
	EndGlobalSection
EndGlobal
