
Microsoft Visual Studio Solution File, Format Version 12.00
# Visual Studio Version 16
VisualStudioVersion = 16.0.28803.202
MinimumVisualStudioVersion = 10.0.40219.1
Project("{FAE04EC0-301F-11D3-BF4B-00C04F79EFBC}") = "Practica 3", "Practica 3\Practica 3.csproj", "{6CC8C3E1-BDA2-490A-A5AB-80AFE0F56C1F}"
EndProject
Global
	GlobalSection(SolutionConfigurationPlatforms) = preSolution
		Debug|Any CPU = Debug|Any CPU
		Release|Any CPU = Release|Any CPU
	EndGlobalSection
	GlobalSection(ProjectConfigurationPlatforms) = postSolution
		{6CC8C3E1-BDA2-490A-A5AB-80AFE0F56C1F}.Debug|Any CPU.ActiveCfg = Debug|Any CPU
		{6CC8C3E1-BDA2-490A-A5AB-80AFE0F56C1F}.Debug|Any CPU.Build.0 = Debug|Any CPU
		{6CC8C3E1-BDA2-490A-A5AB-80AFE0F56C1F}.Release|Any CPU.ActiveCfg = Release|Any CPU
		{6CC8C3E1-BDA2-490A-A5AB-80AFE0F56C1F}.Release|Any CPU.Build.0 = Release|Any CPU
	EndGlobalSection
	GlobalSection(SolutionProperties) = preSolution
		HideSolutionNode = FALSE
	EndGlobalSection
	GlobalSection(ExtensibilityGlobals) = postSolution
		SolutionGuid = {DE5C23BF-A43C-49C3-966F-D20A71FBDC27}
	EndGlobalSection
EndGlobal
